// !$*UTF8*$!
{
	archiveVersion = 1;
	classes = {
	};
	objectVersion = 46;
	objects = {

/* Begin PBXBuildFile section */
		FF01D86B1D3EB7A000BAE477 /* AppDelegate.swift in Sources */ = {isa = PBXBuildFile; fileRef = FF01D86A1D3EB7A000BAE477 /* AppDelegate.swift */; };
		FF01D86D1D3EB7A000BAE477 /* ViewController.swift in Sources */ = {isa = PBXBuildFile; fileRef = FF01D86C1D3EB7A000BAE477 /* ViewController.swift */; };
		FF01D8701D3EB7A000BAE477 /* Main.storyboard in Resources */ = {isa = PBXBuildFile; fileRef = FF01D86E1D3EB7A000BAE477 /* Main.storyboard */; };
		FF01D8721D3EB7A000BAE477 /* Assets.xcassets in Resources */ = {isa = PBXBuildFile; fileRef = FF01D8711D3EB7A000BAE477 /* Assets.xcassets */; };
		FF01D8751D3EB7A000BAE477 /* LaunchScreen.storyboard in Resources */ = {isa = PBXBuildFile; fileRef = FF01D8731D3EB7A000BAE477 /* LaunchScreen.storyboard */; };
		FF01D8801D3EB7A100BAE477 /* Scientific_calculatorTests.swift in Sources */ = {isa = PBXBuildFile; fileRef = FF01D87F1D3EB7A100BAE477 /* Scientific_calculatorTests.swift */; };
		FF01D88B1D3EB7A100BAE477 /* Scientific_calculatorUITests.swift in Sources */ = {isa = PBXBuildFile; fileRef = FF01D88A1D3EB7A100BAE477 /* Scientific_calculatorUITests.swift */; };
/* End PBXBuildFile section */

/* Begin PBXContainerItemProxy section */
		FF01D87C1D3EB7A100BAE477 /* PBXContainerItemProxy */ = {
			isa = PBXContainerItemProxy;
			containerPortal = FF01D85F1D3EB7A000BAE477 /* Project object */;
			proxyType = 1;
			remoteGlobalIDString = FF01D8661D3EB7A000BAE477;
			remoteInfo = "Scientific calculator";
		};
		FF01D8871D3EB7A100BAE477 /* PBXContainerItemProxy */ = {
			isa = PBXContainerItemProxy;
			containerPortal = FF01D85F1D3EB7A000BAE477 /* Project object */;
			proxyType = 1;
			remoteGlobalIDString = FF01D8661D3EB7A000BAE477;
			remoteInfo = "Scientific calculator";
		};
/* End PBXContainerItemProxy section */

/* Begin PBXFileReference section */
		FF01D8671D3EB7A000BAE477 /* Scientific calculator.app */ = {isa = PBXFileReference; explicitFileType = wrapper.application; includeInIndex = 0; path = "Scientific calculator.app"; sourceTree = BUILT_PRODUCTS_DIR; };
		FF01D86A1D3EB7A000BAE477 /* AppDelegate.swift */ = {isa = PBXFileReference; lastKnownFileType = sourcecode.swift; path = AppDelegate.swift; sourceTree = "<group>"; };
		FF01D86C1D3EB7A000BAE477 /* ViewController.swift */ = {isa = PBXFileReference; lastKnownFileType = sourcecode.swift; path = ViewController.swift; sourceTree = "<group>"; };
		FF01D86F1D3EB7A000BAE477 /* Base */ = {isa = PBXFileReference; lastKnownFileType = file.storyboard; name = Base; path = Base.lproj/Main.storyboard; sourceTree = "<group>"; };
		FF01D8711D3EB7A000BAE477 /* Assets.xcassets */ = {isa = PBXFileReference; lastKnownFileType = folder.assetcatalog; path = Assets.xcassets; sourceTree = "<group>"; };
		FF01D8741D3EB7A000BAE477 /* Base */ = {isa = PBXFileReference; lastKnownFileType = file.storyboard; name = Base; path = Base.lproj/LaunchScreen.storyboard; sourceTree = "<group>"; };
		FF01D8761D3EB7A000BAE477 /* Info.plist */ = {isa = PBXFileReference; lastKnownFileType = text.plist.xml; path = Info.plist; sourceTree = "<group>"; };
		FF01D87B1D3EB7A100BAE477 /* Scientific calculatorTests.xctest */ = {isa = PBXFileReference; explicitFileType = wrapper.cfbundle; includeInIndex = 0; path = "Scientific calculatorTests.xctest"; sourceTree = BUILT_PRODUCTS_DIR; };
		FF01D87F1D3EB7A100BAE477 /* Scientific_calculatorTests.swift */ = {isa = PBXFileReference; lastKnownFileType = sourcecode.swift; path = Scientific_calculatorTests.swift; sourceTree = "<group>"; };
		FF01D8811D3EB7A100BAE477 /* Info.plist */ = {isa = PBXFileReference; lastKnownFileType = text.plist.xml; path = Info.plist; sourceTree = "<group>"; };
		FF01D8861D3EB7A100BAE477 /* Scientific calculatorUITests.xctest */ = {isa = PBXFileReference; explicitFileType = wrapper.cfbundle; includeInIndex = 0; path = "Scientific calculatorUITests.xctest"; sourceTree = BUILT_PRODUCTS_DIR; };
		FF01D88A1D3EB7A100BAE477 /* Scientific_calculatorUITests.swift */ = {isa = PBXFileReference; lastKnownFileType = sourcecode.swift; path = Scientific_calculatorUITests.swift; sourceTree = "<group>"; };
		FF01D88C1D3EB7A100BAE477 /* Info.plist */ = {isa = PBXFileReference; lastKnownFileType = text.plist.xml; path = Info.plist; sourceTree = "<group>"; };
/* End PBXFileReference section */

/* Begin PBXFrameworksBuildPhase section */
		FF01D8641D3EB7A000BAE477 /* Frameworks */ = {
			isa = PBXFrameworksBuildPhase;
			buildActionMask = 2147483647;
			files = (
			);
			runOnlyForDeploymentPostprocessing = 0;
		};
		FF01D8781D3EB7A100BAE477 /* Frameworks */ = {
			isa = PBXFrameworksBuildPhase;
			buildActionMask = 2147483647;
			files = (
			);
			runOnlyForDeploymentPostprocessing = 0;
		};
		FF01D8831D3EB7A100BAE477 /* Frameworks */ = {
			isa = PBXFrameworksBuildPhase;
			buildActionMask = 2147483647;
			files = (
			);
			runOnlyForDeploymentPostprocessing = 0;
		};
/* End PBXFrameworksBuildPhase section */

/* Begin PBXGroup section */
		FF01D85E1D3EB7A000BAE477 = {
			isa = PBXGroup;
			children = (
				FF01D8691D3EB7A000BAE477 /* Scientific calculator */,
				FF01D87E1D3EB7A100BAE477 /* Scientific calculatorTests */,
				FF01D8891D3EB7A100BAE477 /* Scientific calculatorUITests */,
				FF01D8681D3EB7A000BAE477 /* Products */,
			);
			sourceTree = "<group>";
		};
		FF01D8681D3EB7A000BAE477 /* Products */ = {
			isa = PBXGroup;
			children = (
				FF01D8671D3EB7A000BAE477 /* Scientific calculator.app */,
				FF01D87B1D3EB7A100BAE477 /* Scientific calculatorTests.xctest */,
				FF01D8861D3EB7A100BAE477 /* Scientific calculatorUITests.xctest */,
			);
			name = Products;
			sourceTree = "<group>";
		};
		FF01D8691D3EB7A000BAE477 /* Scientific calculator */ = {
			isa = PBXGroup;
			children = (
				FF01D86A1D3EB7A000BAE477 /* AppDelegate.swift */,
				FF01D86C1D3EB7A000BAE477 /* ViewController.swift */,
				FF01D86E1D3EB7A000BAE477 /* Main.storyboard */,
				FF01D8711D3EB7A000BAE477 /* Assets.xcassets */,
				FF01D8731D3EB7A000BAE477 /* LaunchScreen.storyboard */,
				FF01D8761D3EB7A000BAE477 /* Info.plist */,
			);
			path = "Scientific calculator";
			sourceTree = "<group>";
		};
		FF01D87E1D3EB7A100BAE477 /* Scientific calculatorTests */ = {
			isa = PBXGroup;
			children = (
				FF01D87F1D3EB7A100BAE477 /* Scientific_calculatorTests.swift */,
				FF01D8811D3EB7A100BAE477 /* Info.plist */,
			);
			path = "Scientific calculatorTests";
			sourceTree = "<group>";
		};
		FF01D8891D3EB7A100BAE477 /* Scientific calculatorUITests */ = {
			isa = PBXGroup;
			children = (
				FF01D88A1D3EB7A100BAE477 /* Scientific_calculatorUITests.swift */,
				FF01D88C1D3EB7A100BAE477 /* Info.plist */,
			);
			path = "Scientific calculatorUITests";
			sourceTree = "<group>";
		};
/* End PBXGroup section */

/* Begin PBXNativeTarget section */
		FF01D8661D3EB7A000BAE477 /* Scientific calculator */ = {
			isa = PBXNativeTarget;
			buildConfigurationList = FF01D88F1D3EB7A100BAE477 /* Build configuration list for PBXNativeTarget "Scientific calculator" */;
			buildPhases = (
				FF01D8631D3EB7A000BAE477 /* Sources */,
				FF01D8641D3EB7A000BAE477 /* Frameworks */,
				FF01D8651D3EB7A000BAE477 /* Resources */,
			);
			buildRules = (
			);
			dependencies = (
			);
			name = "Scientific calculator";
			productName = "Scientific calculator";
			productReference = FF01D8671D3EB7A000BAE477 /* Scientific calculator.app */;
			productType = "com.apple.product-type.application";
		};
		FF01D87A1D3EB7A100BAE477 /* Scientific calculatorTests */ = {
			isa = PBXNativeTarget;
			buildConfigurationList = FF01D8921D3EB7A100BAE477 /* Build configuration list for PBXNativeTarget "Scientific calculatorTests" */;
			buildPhases = (
				FF01D8771D3EB7A100BAE477 /* Sources */,
				FF01D8781D3EB7A100BAE477 /* Frameworks */,
				FF01D8791D3EB7A100BAE477 /* Resources */,
			);
			buildRules = (
			);
			dependencies = (
				FF01D87D1D3EB7A100BAE477 /* PBXTargetDependency */,
			);
			name = "Scientific calculatorTests";
			productName = "Scientific calculatorTests";
			productReference = FF01D87B1D3EB7A100BAE477 /* Scientific calculatorTests.xctest */;
			productType = "com.apple.product-type.bundle.unit-test";
		};
		FF01D8851D3EB7A100BAE477 /* Scientific calculatorUITests */ = {
			isa = PBXNativeTarget;
			buildConfigurationList = FF01D8951D3EB7A100BAE477 /* Build configuration list for PBXNativeTarget "Scientific calculatorUITests" */;
			buildPhases = (
				FF01D8821D3EB7A100BAE477 /* Sources */,
				FF01D8831D3EB7A100BAE477 /* Frameworks */,
				FF01D8841D3EB7A100BAE477 /* Resources */,
			);
			buildRules = (
			);
			dependencies = (
				FF01D8881D3EB7A100BAE477 /* PBXTargetDependency */,
			);
			name = "Scientific calculatorUITests";
			productName = "Scientific calculatorUITests";
			productReference = FF01D8861D3EB7A100BAE477 /* Scientific calculatorUITests.xctest */;
			productType = "com.apple.product-type.bundle.ui-testing";
		};
/* End PBXNativeTarget section */

/* Begin PBXProject section */
		FF01D85F1D3EB7A000BAE477 /* Project object */ = {
			isa = PBXProject;
			attributes = {
				LastSwiftUpdateCheck = 0730;
				LastUpgradeCheck = 0730;
				ORGANIZATIONNAME = "丁建新";
				TargetAttributes = {
					FF01D8661D3EB7A000BAE477 = {
						CreatedOnToolsVersion = 7.3.1;
						DevelopmentTeam = 96M8C7E482;
					};
					FF01D87A1D3EB7A100BAE477 = {
						CreatedOnToolsVersion = 7.3.1;
						DevelopmentTeam = 96M8C7E482;
						TestTargetID = FF01D8661D3EB7A000BAE477;
					};
					FF01D8851D3EB7A100BAE477 = {
						CreatedOnToolsVersion = 7.3.1;
						DevelopmentTeam = 96M8C7E482;
						TestTargetID = FF01D8661D3EB7A000BAE477;
					};
				};
			};
			buildConfigurationList = FF01D8621D3EB7A000BAE477 /* Build configuration list for PBXProject "Scientific calculator" */;
			compatibilityVersion = "Xcode 3.2";
			developmentRegion = English;
			hasScannedForEncodings = 0;
			knownRegions = (
				en,
				Base,
			);
			mainGroup = FF01D85E1D3EB7A000BAE477;
			productRefGroup = FF01D8681D3EB7A000BAE477 /* Products */;
			projectDirPath = "";
			projectRoot = "";
			targets = (
				FF01D8661D3EB7A000BAE477 /* Scientific calculator */,
				FF01D87A1D3EB7A100BAE477 /* Scientific calculatorTests */,
				FF01D8851D3EB7A100BAE477 /* Scientific calculatorUITests */,
			);
		};
/* End PBXProject section */

/* Begin PBXResourcesBuildPhase section */
		FF01D8651D3EB7A000BAE477 /* Resources */ = {
			isa = PBXResourcesBuildPhase;
			buildActionMask = 2147483647;
			files = (
				FF01D8751D3EB7A000BAE477 /* LaunchScreen.storyboard in Resources */,
				FF01D8721D3EB7A000BAE477 /* Assets.xcassets in Resources */,
				FF01D8701D3EB7A000BAE477 /* Main.storyboard in Resources */,
			);
			runOnlyForDeploymentPostprocessing = 0;
		};
		FF01D8791D3EB7A100BAE477 /* Resources */ = {
			isa = PBXResourcesBuildPhase;
			buildActionMask = 2147483647;
			files = (
			);
			runOnlyForDeploymentPostprocessing = 0;
		};
		FF01D8841D3EB7A100BAE477 /* Resources */ = {
			isa = PBXResourcesBuildPhase;
			buildActionMask = 2147483647;
			files = (
			);
			runOnlyForDeploymentPostprocessing = 0;
		};
/* End PBXResourcesBuildPhase section */

/* Begin PBXSourcesBuildPhase section */
		FF01D8631D3EB7A000BAE477 /* Sources */ = {
			isa = PBXSourcesBuildPhase;
			buildActionMask = 2147483647;
			files = (
				FF01D86D1D3EB7A000BAE477 /* ViewController.swift in Sources */,
				FF01D86B1D3EB7A000BAE477 /* AppDelegate.swift in Sources */,
			);
			runOnlyForDeploymentPostprocessing = 0;
		};
		FF01D8771D3EB7A100BAE477 /* Sources */ = {
			isa = PBXSourcesBuildPhase;
			buildActionMask = 2147483647;
			files = (
				FF01D8801D3EB7A100BAE477 /* Scientific_calculatorTests.swift in Sources */,
			);
			runOnlyForDeploymentPostprocessing = 0;
		};
		FF01D8821D3EB7A100BAE477 /* Sources */ = {
			isa = PBXSourcesBuildPhase;
			buildActionMask = 2147483647;
			files = (
				FF01D88B1D3EB7A100BAE477 /* Scientific_calculatorUITests.swift in Sources */,
			);
			runOnlyForDeploymentPostprocessing = 0;
		};
/* End PBXSourcesBuildPhase section */

/* Begin PBXTargetDependency section */
		FF01D87D1D3EB7A100BAE477 /* PBXTargetDependency */ = {
			isa = PBXTargetDependency;
			target = FF01D8661D3EB7A000BAE477 /* Scientific calculator */;
			targetProxy = FF01D87C1D3EB7A100BAE477 /* PBXContainerItemProxy */;
		};
		FF01D8881D3EB7A100BAE477 /* PBXTargetDependency */ = {
			isa = PBXTargetDependency;
			target = FF01D8661D3EB7A000BAE477 /* Scientific calculator */;
			targetProxy = FF01D8871D3EB7A100BAE477 /* PBXContainerItemProxy */;
		};
/* End PBXTargetDependency section */

/* Begin PBXVariantGroup section */
		FF01D86E1D3EB7A000BAE477 /* Main.storyboard */ = {
			isa = PBXVariantGroup;
			children = (
				FF01D86F1D3EB7A000BAE477 /* Base */,
			);
			name = Main.storyboard;
			sourceTree = "<group>";
		};
		FF01D8731D3EB7A000BAE477 /* LaunchScreen.storyboard */ = {
			isa = PBXVariantGroup;
			children = (
				FF01D8741D3EB7A000BAE477 /* Base */,
			);
			name = LaunchScreen.storyboard;
			sourceTree = "<group>";
		};
/* End PBXVariantGroup section */

/* Begin XCBuildConfiguration section */
		FF01D88D1D3EB7A100BAE477 /* Debug */ = {
			isa = XCBuildConfiguration;
			buildSettings = {
				ALWAYS_SEARCH_USER_PATHS = NO;
				CLANG_ANALYZER_NONNULL = YES;
				CLANG_CXX_LANGUAGE_STANDARD = "gnu++0x";
				CLANG_CXX_LIBRARY = "libc++";
				CLANG_ENABLE_MODULES = YES;
				CLANG_ENABLE_OBJC_ARC = YES;
				CLANG_WARN_BOOL_CONVERSION = YES;
				CLANG_WARN_CONSTANT_CONVERSION = YES;
				CLANG_WARN_DIRECT_OBJC_ISA_USAGE = YES_ERROR;
				CLANG_WARN_EMPTY_BODY = YES;
				CLANG_WARN_ENUM_CONVERSION = YES;
				CLANG_WARN_INT_CONVERSION = YES;
				CLANG_WARN_OBJC_ROOT_CLASS = YES_ERROR;
				CLANG_WARN_UNREACHABLE_CODE = YES;
				CLANG_WARN__DUPLICATE_METHOD_MATCH = YES;
				"CODE_SIGN_IDENTITY[sdk=iphoneos*]" = "iPhone Developer";
				COPY_PHASE_STRIP = NO;
				DEBUG_INFORMATION_FORMAT = dwarf;
				ENABLE_STRICT_OBJC_MSGSEND = YES;
				ENABLE_TESTABILITY = YES;
				GCC_C_LANGUAGE_STANDARD = gnu99;
				GCC_DYNAMIC_NO_PIC = NO;
				GCC_NO_COMMON_BLOCKS = YES;
				GCC_OPTIMIZATION_LEVEL = 0;
				GCC_PREPROCESSOR_DEFINITIONS = (
					"DEBUG=1",
					"$(inherited)",
				);
				GCC_WARN_64_TO_32_BIT_CONVERSION = YES;
				GCC_WARN_ABOUT_RETURN_TYPE = YES_ERROR;
				GCC_WARN_UNDECLARED_SELECTOR = YES;
				GCC_WARN_UNINITIALIZED_AUTOS = YES_AGGRESSIVE;
				GCC_WARN_UNUSED_FUNCTION = YES;
				GCC_WARN_UNUSED_VARIABLE = YES;
				IPHONEOS_DEPLOYMENT_TARGET = 9.3;
				MTL_ENABLE_DEBUG_INFO = YES;
				ONLY_ACTIVE_ARCH = YES;
				SDKROOT = iphoneos;
				SWIFT_OPTIMIZATION_LEVEL = "-Onone";
			};
			name = Debug;
		};
		FF01D88E1D3EB7A100BAE477 /* Release */ = {
			isa = XCBuildConfiguration;
			buildSettings = {
				ALWAYS_SEARCH_USER_PATHS = NO;
				CLANG_ANALYZER_NONNULL = YES;
				CLANG_CXX_LANGUAGE_STANDARD = "gnu++0x";
				CLANG_CXX_LIBRARY = "libc++";
				CLANG_ENABLE_MODULES = YES;
				CLANG_ENABLE_OBJC_ARC = YES;
				CLANG_WARN_BOOL_CONVERSION = YES;
				CLANG_WARN_CONSTANT_CONVERSION = YES;
				CLANG_WARN_DIRECT_OBJC_ISA_USAGE = YES_ERROR;
				CLANG_WARN_EMPTY_BODY = YES;
				CLANG_WARN_ENUM_CONVERSION = YES;
				CLANG_WARN_INT_CONVERSION = YES;
				CLANG_WARN_OBJC_ROOT_CLASS = YES_ERROR;
				CLANG_WARN_UNREACHABLE_CODE = YES;
				CLANG_WARN__DUPLICATE_METHOD_MATCH = YES;
				"CODE_SIGN_IDENTITY[sdk=iphoneos*]" = "iPhone Developer";
				COPY_PHASE_STRIP = NO;
				DEBUG_INFORMATION_FORMAT = "dwarf-with-dsym";
				ENABLE_NS_ASSERTIONS = NO;
				ENABLE_STRICT_OBJC_MSGSEND = YES;
				GCC_C_LANGUAGE_STANDARD = gnu99;
				GCC_NO_COMMON_BLOCKS = YES;
				GCC_WARN_64_TO_32_BIT_CONVERSION = YES;
				GCC_WARN_ABOUT_RETURN_TYPE = YES_ERROR;
				GCC_WARN_UNDECLARED_SELECTOR = YES;
				GCC_WARN_UNINITIALIZED_AUTOS = YES_AGGRESSIVE;
				GCC_WARN_UNUSED_FUNCTION = YES;
				GCC_WARN_UNUSED_VARIABLE = YES;
				IPHONEOS_DEPLOYMENT_TARGET = 9.3;
				MTL_ENABLE_DEBUG_INFO = NO;
				SDKROOT = iphoneos;
				VALIDATE_PRODUCT = YES;
			};
			name = Release;
		};
		FF01D8901D3EB7A100BAE477 /* Debug */ = {
			isa = XCBuildConfiguration;
			buildSettings = {
				ASSETCATALOG_COMPILER_APPICON_NAME = AppIcon;
				INFOPLIST_FILE = "Scientific calculator/Info.plist";
				LD_RUNPATH_SEARCH_PATHS = "$(inherited) @executable_path/Frameworks";
				PRODUCT_BUNDLE_IDENTIFIER = "----.Scientific-calculator";
				PRODUCT_NAME = "$(TARGET_NAME)";
			};
			name = Debug;
		};
		FF01D8911D3EB7A100BAE477 /* Release */ = {
			isa = XCBuildConfiguration;
			buildSettings = {
				ASSETCATALOG_COMPILER_APPICON_NAME = AppIcon;
				INFOPLIST_FILE = "Scientific calculator/Info.plist";
				LD_RUNPATH_SEARCH_PATHS = "$(inherited) @executable_path/Frameworks";
				PRODUCT_BUNDLE_IDENTIFIER = "----.Scientific-calculator";
				PRODUCT_NAME = "$(TARGET_NAME)";
			};
			name = Release;
		};
		FF01D8931D3EB7A100BAE477 /* Debug */ = {
			isa = XCBuildConfiguration;
			buildSettings = {
				BUNDLE_LOADER = "$(TEST_HOST)";
				INFOPLIST_FILE = "Scientific calculatorTests/Info.plist";
				LD_RUNPATH_SEARCH_PATHS = "$(inherited) @executable_path/Frameworks @loader_path/Frameworks";
				PRODUCT_BUNDLE_IDENTIFIER = "----.Scientific-calculatorTests";
				PRODUCT_NAME = "$(TARGET_NAME)";
				TEST_HOST = "$(BUILT_PRODUCTS_DIR)/Scientific calculator.app/Scientific calculator";
			};
			name = Debug;
		};
		FF01D8941D3EB7A100BAE477 /* Release */ = {
			isa = XCBuildConfiguration;
			buildSettings = {
				BUNDLE_LOADER = "$(TEST_HOST)";
				INFOPLIST_FILE = "Scientific calculatorTests/Info.plist";
				LD_RUNPATH_SEARCH_PATHS = "$(inherited) @executable_path/Frameworks @loader_path/Frameworks";
				PRODUCT_BUNDLE_IDENTIFIER = "----.Scientific-calculatorTests";
				PRODUCT_NAME = "$(TARGET_NAME)";
				TEST_HOST = "$(BUILT_PRODUCTS_DIR)/Scientific calculator.app/Scientific calculator";
			};
			name = Release;
		};
		FF01D8961D3EB7A100BAE477 /* Debug */ = {
			isa = XCBuildConfiguration;
			buildSettings = {
				INFOPLIST_FILE = "Scientific calculatorUITests/Info.plist";
				LD_RUNPATH_SEARCH_PATHS = "$(inherited) @executable_path/Frameworks @loader_path/Frameworks";
				PRODUCT_BUNDLE_IDENTIFIER = "----.Scientific-calculatorUITests";
				PRODUCT_NAME = "$(TARGET_NAME)";
				TEST_TARGET_NAME = "Scientific calculator";
			};
			name = Debug;
		};
		FF01D8971D3EB7A100BAE477 /* Release */ = {
			isa = XCBuildConfiguration;
			buildSettings = {
				INFOPLIST_FILE = "Scientific calculatorUITests/Info.plist";
				LD_RUNPATH_SEARCH_PATHS = "$(inherited) @executable_path/Frameworks @loader_path/Frameworks";
				PRODUCT_BUNDLE_IDENTIFIER = "----.Scientific-calculatorUITests";
				PRODUCT_NAME = "$(TARGET_NAME)";
				TEST_TARGET_NAME = "Scientific calculator";
			};
			name = Release;
		};
/* End XCBuildConfiguration section */

/* Begin XCConfigurationList section */
		FF01D8621D3EB7A000BAE477 /* Build configuration list for PBXProject "Scientific calculator" */ = {
			isa = XCConfigurationList;
			buildConfigurations = (
				FF01D88D1D3EB7A100BAE477 /* Debug */,
				FF01D88E1D3EB7A100BAE477 /* Release */,
			);
			defaultConfigurationIsVisible = 0;
			defaultConfigurationName = Release;
		};
		FF01D88F1D3EB7A100BAE477 /* Build configuration list for PBXNativeTarget "Scientific calculator" */ = {
			isa = XCConfigurationList;
			buildConfigurations = (
				FF01D8901D3EB7A100BAE477 /* Debug */,
				FF01D8911D3EB7A100BAE477 /* Release */,
			);
			defaultConfigurationIsVisible = 0;
		};
		FF01D8921D3EB7A100BAE477 /* Build configuration list for PBXNativeTarget "Scientific calculatorTests" */ = {
			isa = XCConfigurationList;
			buildConfigurations = (
				FF01D8931D3EB7A100BAE477 /* Debug */,
				FF01D8941D3EB7A100BAE477 /* Release */,
			);
			defaultConfigurationIsVisible = 0;
		};
		FF01D8951D3EB7A100BAE477 /* Build configuration list for PBXNativeTarget "Scientific calculatorUITests" */ = {
			isa = XCConfigurationList;
			buildConfigurations = (
				FF01D8961D3EB7A100BAE477 /* Debug */,
				FF01D8971D3EB7A100BAE477 /* Release */,
			);
			defaultConfigurationIsVisible = 0;
		};
/* End XCConfigurationList section */
	};
	rootObject = FF01D85F1D3EB7A000BAE477 /* Project object */;
}
